# @generated - this file is auto-generated by `mise lock` https://mise.jdx.dev/dev-tools/mise-lock.html

lockfile_version = 1

[[tools.go]]
version = "1.27.0"
backend = "core:go"
specifiers = ["1.27.0"]

[tools.go."platforms.linux-arm64"]
checksum = "sha256:51798d2c42d0e1c6ed7fd9f48728b4193abac9e8aad6dbac2fe96a81f5909bda"
url = "https://dl.google.com/go/go1.27.0.linux-arm64.tar.gz"

[tools.go."platforms.linux-arm64-musl"]
checksum = "sha256:51798d2c42d0e1c6ed7fd9f48728b4193abac9e8aad6dbac2fe96a81f5909bda"
url = "https://dl.google.com/go/go1.27.0.linux-arm64.tar.gz"

[tools.go."platforms.linux-x64"]
checksum = "sha256:675c26c449cbb18fc24b74650de1eabbae6e16f64326fd85a283fb3b58280685"
url = "https://dl.google.com/go/go1.27.0.linux-amd64.tar.gz"

[tools.go."platforms.linux-x64-musl"]
checksum = "sha256:675c26c449cbb18fc24b74650de1eabbae6e16f64326fd85a283fb3b58280685"
url = "https://dl.google.com/go/go1.27.0.linux-amd64.tar.gz"

[tools.go."platforms.macos-arm64"]
checksum = "sha256:90493b3bbd5e10f91d12153198bf1994fd756399b4fec93b49b0c6e2acdeeb3e"
url = "https://dl.google.com/go/go1.27.0.darwin-arm64.tar.gz"

[tools.go."platforms.macos-x64"]
checksum = "sha256:d3314e25496e4381d71a5c51d2907e7af655d199f6780b549f015bd85fef4986"
url = "https://dl.google.com/go/go1.27.0.darwin-amd64.tar.gz"

[tools.go."platforms.windows-x64"]
checksum = "sha256:f0c0a0d33ba94f4d2c5dbc887334ce678b21813504ddb3aafcb06e60a5a667c4"
url = "https://dl.google.com/go/go1.27.0.windows-amd64.zip"

[[tools.helm]]
version = "3.21.4"
backend = "aqua:helm/helm"
specifiers = ["3.21.4"]

[tools.helm."platforms.linux-arm64"]
checksum = "sha256:b54c04b4e0b2540bbdc08c17a121dab70e9a2ed0de5705528fec68a5fd3b85a7"
url = "https://get.helm.sh/helm-v3.21.4-linux-arm64.tar.gz"

[tools.helm."platforms.linux-arm64-musl"]
checksum = "sha256:b54c04b4e0b2540bbdc08c17a121dab70e9a2ed0de5705528fec68a5fd3b85a7"
url = "https://get.helm.sh/helm-v3.21.4-linux-arm64.tar.gz"

[tools.helm."platforms.linux-x64"]
checksum = "sha256:61f88ab166748cb19604d7884cb100ae9ccb13804ddeb98e08af167eacbb6a14"
url = "https://get.helm.sh/helm-v3.21.4-linux-amd64.tar.gz"

[tools.helm."platforms.linux-x64-musl"]
checksum = "sha256:61f88ab166748cb19604d7884cb100ae9ccb13804ddeb98e08af167eacbb6a14"
url = "https://get.helm.sh/helm-v3.21.4-linux-amd64.tar.gz"

[tools.helm."platforms.macos-arm64"]
checksum = "sha256:6e0bf5eb6daafc2b1ec34bb5ba04ef103f3afc16192fb19805c2924d7ea1033f"
url = "https://get.helm.sh/helm-v3.21.4-darwin-arm64.tar.gz"

[tools.helm."platforms.macos-x64"]
checksum = "sha256:9173d05edf9592c6be1d0412ffafd935448dfc7a63c2bc732b8c67e55503e8a8"
url = "https://get.helm.sh/helm-v3.21.4-darwin-amd64.tar.gz"

[tools.helm."platforms.windows-x64"]
checksum = "sha256:cc9e4589d6f459a522eefc56b15636dd6e949f103de63bfb944f38d898609457"
url = "https://get.helm.sh/helm-v3.21.4-windows-amd64.tar.gz"

[[tools.kube-linter]]
version = "0.8.3"
backend = "aqua:stackrox/kube-linter"
specifiers = ["0.8.3"]

[tools.kube-linter."platforms.linux-arm64"]
checksum = "sha256:9c39d35252e0dcafb16b26197b9e93ba578e44eb402c3c6660fc94e08f94094f"
url = "https://github.com/stackrox/kube-linter/releases/download/v0.8.3/kube-linter-linux_arm64"
url_api = "https://api.github.com/repos/stackrox/kube-linter/releases/assets/370825094"
provenance = "cosign"

[tools.kube-linter."platforms.linux-arm64-musl"]
checksum = "sha256:9c39d35252e0dcafb16b26197b9e93ba578e44eb402c3c6660fc94e08f94094f"
url = "https://github.com/stackrox/kube-linter/releases/download/v0.8.3/kube-linter-linux_arm64"
url_api = "https://api.github.com/repos/stackrox/kube-linter/releases/assets/370825094"
provenance = "cosign"

[tools.kube-linter."platforms.linux-x64"]
checksum = "sha256:618d299a3e2839c8ca9d86fce0db617be0fba41f0fecbbbfb7fbf1c04299fae1"
url = "https://github.com/stackrox/kube-linter/releases/download/v0.8.3/kube-linter-linux"
url_api = "https://api.github.com/repos/stackrox/kube-linter/releases/assets/370825076"
provenance = "cosign"

[tools.kube-linter."platforms.linux-x64-musl"]
checksum = "sha256:618d299a3e2839c8ca9d86fce0db617be0fba41f0fecbbbfb7fbf1c04299fae1"
url = "https://github.com/stackrox/kube-linter/releases/download/v0.8.3/kube-linter-linux"
url_api = "https://api.github.com/repos/stackrox/kube-linter/releases/assets/370825076"
provenance = "cosign"

[tools.kube-linter."platforms.macos-arm64"]
checksum = "sha256:662277a6a267ba2cb1371b56539a371872ef142b196fa0d87195e4213773cdf8"
url = "https://github.com/stackrox/kube-linter/releases/download/v0.8.3/kube-linter-darwin_arm64"
url_api = "https://api.github.com/repos/stackrox/kube-linter/releases/assets/370825074"
provenance = "cosign"

[tools.kube-linter."platforms.macos-x64"]
checksum = "sha256:d935e2bc89e272c74227cdc4ac4dba35f468e0e486e846e5892231a301c91a67"
url = "https://github.com/stackrox/kube-linter/releases/download/v0.8.3/kube-linter-darwin"
url_api = "https://api.github.com/repos/stackrox/kube-linter/releases/assets/370825072"
provenance = "cosign"

[tools.kube-linter."platforms.windows-x64"]
checksum = "sha256:8b0ccf51f18ab786fdcdede55046afc701a75c75122e046a2f0d3244bc91274a"
url = "https://github.com/stackrox/kube-linter/releases/download/v0.8.3/kube-linter.exe"
url_api = "https://api.github.com/repos/stackrox/kube-linter/releases/assets/370825091"
provenance = "cosign"

[[tools.kubectl]]
version = "1.36.4"
backend = "aqua:kubernetes/kubernetes/kubectl"
specifiers = ["1.36.4"]

[tools.kubectl."platforms.linux-arm64"]
checksum = "sha256:0ecf44450ee6063bf19dd166a103ee6df4a9034455c2abce626e6eea657d73fb"
url = "https://dl.k8s.io/v1.36.4/bin/linux/arm64/kubectl"

[tools.kubectl."platforms.linux-arm64-musl"]
checksum = "sha256:0ecf44450ee6063bf19dd166a103ee6df4a9034455c2abce626e6eea657d73fb"
url = "https://dl.k8s.io/v1.36.4/bin/linux/arm64/kubectl"

[tools.kubectl."platforms.linux-x64"]
checksum = "sha256:8b8f088da2dab964f853b38464033b1be15ede2839eca751482357c45abdd05a"
url = "https://dl.k8s.io/v1.36.4/bin/linux/amd64/kubectl"

[tools.kubectl."platforms.linux-x64-musl"]
checksum = "sha256:8b8f088da2dab964f853b38464033b1be15ede2839eca751482357c45abdd05a"
url = "https://dl.k8s.io/v1.36.4/bin/linux/amd64/kubectl"

[tools.kubectl."platforms.macos-arm64"]
checksum = "sha256:c9e4f713d6fee0043a3d835cca13077cda2bc0973840eb9779360df0b5bdfc69"
url = "https://dl.k8s.io/v1.36.4/bin/darwin/arm64/kubectl"

[tools.kubectl."platforms.macos-x64"]
checksum = "sha256:71a3aa7c2ee2c974d9fbb462cba0c5c04a4df2e8d85eee94714fd819ea3c4e63"
url = "https://dl.k8s.io/v1.36.4/bin/darwin/amd64/kubectl"

[tools.kubectl."platforms.windows-x64"]
checksum = "sha256:31947857be7583f3e4e6d889a3fb781ca813a45c20f11ccb3ef309714d01a9f3"
url = "https://dl.k8s.io/v1.36.4/bin/windows/amd64/kubectl.exe"

[[tools.kustomize]]
version = "5.8.1"
backend = "aqua:kubernetes-sigs/kustomize"
specifiers = ["5.8.1"]

[tools.kustomize."platforms.linux-arm64"]
checksum = "sha256:0953ea3e476f66d6ddfcd911d750f5167b9365aa9491b2326398e289fef2c142"
url = "https://github.com/kubernetes-sigs/kustomize/releases/download/kustomize/v5.8.1/kustomize_v5.8.1_linux_arm64.tar.gz"
url_api = "https://api.github.com/repos/kubernetes-sigs/kustomize/releases/assets/353160971"

[tools.kustomize."platforms.linux-arm64-musl"]
checksum = "sha256:0953ea3e476f66d6ddfcd911d750f5167b9365aa9491b2326398e289fef2c142"
url = "https://github.com/kubernetes-sigs/kustomize/releases/download/kustomize/v5.8.1/kustomize_v5.8.1_linux_arm64.tar.gz"
url_api = "https://api.github.com/repos/kubernetes-sigs/kustomize/releases/assets/353160971"

[tools.kustomize."platforms.linux-x64"]
checksum = "sha256:029a7f0f4e1932c52a0476cf02a0fd855c0bb85694b82c338fc648dcb53a819d"
url = "https://github.com/kubernetes-sigs/kustomize/releases/download/kustomize/v5.8.1/kustomize_v5.8.1_linux_amd64.tar.gz"
url_api = "https://api.github.com/repos/kubernetes-sigs/kustomize/releases/assets/353160972"

[tools.kustomize."platforms.linux-x64-musl"]
checksum = "sha256:029a7f0f4e1932c52a0476cf02a0fd855c0bb85694b82c338fc648dcb53a819d"
url = "https://github.com/kubernetes-sigs/kustomize/releases/download/kustomize/v5.8.1/kustomize_v5.8.1_linux_amd64.tar.gz"
url_api = "https://api.github.com/repos/kubernetes-sigs/kustomize/releases/assets/353160972"

[tools.kustomize."platforms.macos-arm64"]
checksum = "sha256:8886f8a78474e608cc81234f729fda188a9767da23e28925802f00ece2bab288"
url = "https://github.com/kubernetes-sigs/kustomize/releases/download/kustomize/v5.8.1/kustomize_v5.8.1_darwin_arm64.tar.gz"
url_api = "https://api.github.com/repos/kubernetes-sigs/kustomize/releases/assets/353160975"

[tools.kustomize."platforms.macos-x64"]
checksum = "sha256:ee7cf0c1e3592aa7bb66ba82b359933a95e7f2e0b36e5f53ed0a4535b017f2f8"
url = "https://github.com/kubernetes-sigs/kustomize/releases/download/kustomize/v5.8.1/kustomize_v5.8.1_darwin_amd64.tar.gz"
url_api = "https://api.github.com/repos/kubernetes-sigs/kustomize/releases/assets/353160974"

[tools.kustomize."platforms.windows-x64"]
checksum = "sha256:8ec7f5e815e526d4622c06df0a7793d8cfb6eb1c74f816b46166097fef8b26c6"
url = "https://github.com/kubernetes-sigs/kustomize/releases/download/kustomize/v5.8.1/kustomize_v5.8.1_windows_amd64.zip"
url_api = "https://api.github.com/repos/kubernetes-sigs/kustomize/releases/assets/353160980"

[[tools.node]]
version = "24.19.0"
backend = "core:node"
specifiers = ["24.19.0"]

[tools.node."platforms.linux-arm64"]
checksum = "sha256:d28c8a5bf0a808f0ed434a1dce8c54ae98f0371c0bd86ac58abc613f73e6643f"
url = "https://nodejs.org/dist/v24.19.0/node-v24.19.0-linux-arm64.tar.gz"

[tools.node."platforms.linux-arm64-musl"]
checksum = "sha256:20824e4d35948fae5b337dccef47813b04d8995312f59df7386f2256d9f9ab7e"
url = "https://unofficial-builds.nodejs.org/download/release/v24.19.0/node-v24.19.0-linux-arm64-musl.tar.gz"

[tools.node."platforms.linux-x64"]
checksum = "sha256:f625d97cd707df4ff96254916fbc5ff014f09c09effe5a1e0ca8f6d41a8789d4"
url = "https://nodejs.org/dist/v24.19.0/node-v24.19.0-linux-x64.tar.gz"

[tools.node."platforms.linux-x64-musl"]
checksum = "sha256:c60223786df14a5d23e220ebb8e60318f5322640a62f90e6d9e54d3a18da532e"
url = "https://unofficial-builds.nodejs.org/download/release/v24.19.0/node-v24.19.0-linux-x64-musl.tar.gz"

[tools.node."platforms.macos-arm64"]
checksum = "sha256:8294b7aa9b03997481c06babf1e8b270c859358f27da57a11509afe537ac381d"
url = "https://nodejs.org/dist/v24.19.0/node-v24.19.0-darwin-arm64.tar.gz"

[tools.node."platforms.macos-x64"]
checksum = "sha256:d1b5e999db158c62fe8f7267a4476b035d8bd93b1a605bac24a3f0dd166e3316"
url = "https://nodejs.org/dist/v24.19.0/node-v24.19.0-darwin-x64.tar.gz"

[tools.node."platforms.windows-x64"]
checksum = "sha256:57f71ab3652e797d84acddc79c81cc9ff1c6ddb2a1974cdb83f00fee9bff4c73"
url = "https://nodejs.org/dist/v24.19.0/node-v24.19.0-win-x64.zip"

[[tools.pnpm]]
version = "11.25.0"
backend = "aqua:pnpm/pnpm"
specifiers = ["11.25.0"]

[tools.pnpm."platforms.linux-arm64"]
checksum = "sha256:6d62b433b7a77b77e814dfaca8032bae57bb79c1a5ad50442e688c4f7fed3c8a"
url = "https://github.com/pnpm/pnpm/releases/download/v11.25.0/pnpm-linux-arm64.tar.gz"
url_api = "https://api.github.com/repos/pnpm/pnpm/releases/assets/535298943"
provenance = "github-attestations"

[tools.pnpm."platforms.linux-arm64-musl"]
checksum = "sha256:d826eaa243bb7b9c7bc21df3fae9ade147c3f0b6f035fa9fa92eef5196d1762e"
url = "https://github.com/pnpm/pnpm/releases/download/v11.25.0/pnpm-linux-arm64-musl.tar.gz"
url_api = "https://api.github.com/repos/pnpm/pnpm/releases/assets/535298947"
provenance = "github-attestations"

[tools.pnpm."platforms.linux-x64"]
checksum = "sha256:11caeed8b581d460638f836f10f6ead19cbf08d774a5b8e502628b20ebf3ac43"
url = "https://github.com/pnpm/pnpm/releases/download/v11.25.0/pnpm-linux-x64.tar.gz"
url_api = "https://api.github.com/repos/pnpm/pnpm/releases/assets/535298945"
provenance = "github-attestations"

[tools.pnpm."platforms.linux-x64-musl"]
checksum = "sha256:2a25fd5614c89d3e8e7c8cabfe9f5f2aba3c4f997fb69e6934ee257dd8753ca5"
url = "https://github.com/pnpm/pnpm/releases/download/v11.25.0/pnpm-linux-x64-musl.tar.gz"
url_api = "https://api.github.com/repos/pnpm/pnpm/releases/assets/535298949"
provenance = "github-attestations"

[tools.pnpm."platforms.macos-arm64"]
checksum = "sha256:cdcf7130ed2e7aa324c7c76ab597de66db0529b6b1e0db9e489bde538fdc0d04"
url = "https://github.com/pnpm/pnpm/releases/download/v11.25.0/pnpm-darwin-arm64.tar.gz"
url_api = "https://api.github.com/repos/pnpm/pnpm/releases/assets/535298948"
provenance = "github-attestations"

[tools.pnpm."platforms.windows-x64"]
checksum = "sha256:2d0203af85fc6fbb40f786a2671f175e9119a7c6dfcc4f30b1fa17e0f072c301"
url = "https://github.com/pnpm/pnpm/releases/download/v11.25.0/pnpm-win32-x64.zip"
url_api = "https://api.github.com/repos/pnpm/pnpm/releases/assets/535298950"
provenance = "github-attestations"

[[tools.terraform]]
version = "1.15.9"
backend = "aqua:hashicorp/terraform"
specifiers = ["1.15.9"]

[tools.terraform."platforms.linux-arm64"]
checksum = "sha256:0afa6c29f61ca5ea270e950e43e50ecf2418b598507bf580e8ae76e1e6699b19"
url = "https://releases.hashicorp.com/terraform/1.15.9/terraform_1.15.9_linux_arm64.zip"

[tools.terraform."platforms.linux-arm64-musl"]
checksum = "sha256:0afa6c29f61ca5ea270e950e43e50ecf2418b598507bf580e8ae76e1e6699b19"
url = "https://releases.hashicorp.com/terraform/1.15.9/terraform_1.15.9_linux_arm64.zip"

[tools.terraform."platforms.linux-x64"]
checksum = "sha256:76edd0b22d2f27d3d2e097cd793209646f719cf60f02ff3af626b07361137da1"
url = "https://releases.hashicorp.com/terraform/1.15.9/terraform_1.15.9_linux_amd64.zip"

[tools.terraform."platforms.linux-x64-musl"]
checksum = "sha256:76edd0b22d2f27d3d2e097cd793209646f719cf60f02ff3af626b07361137da1"
url = "https://releases.hashicorp.com/terraform/1.15.9/terraform_1.15.9_linux_amd64.zip"

[tools.terraform."platforms.macos-arm64"]
checksum = "sha256:05b27586a5d7d84105690ecccc7edbbf48bc3d6d577745cb61f163ba990adf4f"
url = "https://releases.hashicorp.com/terraform/1.15.9/terraform_1.15.9_darwin_arm64.zip"

[tools.terraform."platforms.macos-x64"]
checksum = "sha256:3e97c499fac8074adfa3760300662a0158f2fd325144965dd0028deec4086c6b"
url = "https://releases.hashicorp.com/terraform/1.15.9/terraform_1.15.9_darwin_amd64.zip"

[tools.terraform."platforms.windows-x64"]
checksum = "sha256:b0fcd57e2abd19fc6d8e64b86a22f5f3fb734b0407385553cdcffc64677f18b6"
url = "https://releases.hashicorp.com/terraform/1.15.9/terraform_1.15.9_windows_amd64.zip"
