# @generated - this file is auto-generated by `mise lock` https://mise.jdx.dev/dev-tools/mise-lock.html

lockfile_version = 1

[[tools.go]]
version = "1.27.1"
backend = "core:go"
specifiers = ["1.27.1"]

[tools.go."platforms.linux-arm64"]
checksum = "sha256:3450b45a3f9ee8568792736a5c5e70a1f2e9b36c35a8f74958c03e51d7d92bec"
url = "https://dl.google.com/go/go1.27.1.linux-arm64.tar.gz"

[tools.go."platforms.linux-arm64-musl"]
checksum = "sha256:3450b45a3f9ee8568792736a5c5e70a1f2e9b36c35a8f74958c03e51d7d92bec"
url = "https://dl.google.com/go/go1.27.1.linux-arm64.tar.gz"

[tools.go."platforms.linux-x64"]
checksum = "sha256:63d339f0da5ab53635a56f2490a7984dfe12dfcff22ad749f63edaf590168445"
url = "https://dl.google.com/go/go1.27.1.linux-amd64.tar.gz"

[tools.go."platforms.linux-x64-musl"]
checksum = "sha256:63d339f0da5ab53635a56f2490a7984dfe12dfcff22ad749f63edaf590168445"
url = "https://dl.google.com/go/go1.27.1.linux-amd64.tar.gz"

[tools.go."platforms.macos-arm64"]
checksum = "sha256:ee215d57e0ec269c60cc9ceca68e6bda321ba9ee5afe24f4b0988703c2d87d12"
url = "https://dl.google.com/go/go1.27.1.darwin-arm64.tar.gz"

[tools.go."platforms.macos-x64"]
checksum = "sha256:8f8f52c6649542cf027bbc9b9c68d1ec042f9f34808a40413f0b8b3f66f3caa4"
url = "https://dl.google.com/go/go1.27.1.darwin-amd64.tar.gz"

[tools.go."platforms.windows-x64"]
checksum = "sha256:a3911b5e0e1b1053f25ed0675f4c1c6aad1e2bfcf253df2b9be4caabd2edd95d"
url = "https://dl.google.com/go/go1.27.1.windows-amd64.zip"

[[tools.helm]]
version = "3.21.4"
backend = "aqua:helm/helm"
specifiers = ["3.21.4"]

[tools.helm."platforms.linux-arm64"]
checksum = "sha256:b54c04b4e0b2540bbdc08c17a121dab70e9a2ed0de5705528fec68a5fd3b85a7"
url = "https://get.helm.sh/helm-v3.21.4-linux-arm64.tar.gz"

[tools.helm."platforms.linux-arm64-musl"]
checksum = "sha256:b54c04b4e0b2540bbdc08c17a121dab70e9a2ed0de5705528fec68a5fd3b85a7"
url = "https://get.helm.sh/helm-v3.21.4-linux-arm64.tar.gz"

[tools.helm."platforms.linux-x64"]
checksum = "sha256:61f88ab166748cb19604d7884cb100ae9ccb13804ddeb98e08af167eacbb6a14"
url = "https://get.helm.sh/helm-v3.21.4-linux-amd64.tar.gz"

[tools.helm."platforms.linux-x64-musl"]
checksum = "sha256:61f88ab166748cb19604d7884cb100ae9ccb13804ddeb98e08af167eacbb6a14"
url = "https://get.helm.sh/helm-v3.21.4-linux-amd64.tar.gz"

[tools.helm."platforms.macos-arm64"]
checksum = "sha256:6e0bf5eb6daafc2b1ec34bb5ba04ef103f3afc16192fb19805c2924d7ea1033f"
url = "https://get.helm.sh/helm-v3.21.4-darwin-arm64.tar.gz"

[tools.helm."platforms.macos-x64"]
checksum = "sha256:9173d05edf9592c6be1d0412ffafd935448dfc7a63c2bc732b8c67e55503e8a8"
url = "https://get.helm.sh/helm-v3.21.4-darwin-amd64.tar.gz"

[tools.helm."platforms.windows-x64"]
checksum = "sha256:cc9e4589d6f459a522eefc56b15636dd6e949f103de63bfb944f38d898609457"
url = "https://get.helm.sh/helm-v3.21.4-windows-amd64.tar.gz"

[[tools.kube-linter]]
version = "0.8.3"
backend = "aqua:stackrox/kube-linter"
specifiers = ["0.8.3"]

[tools.kube-linter."platforms.linux-arm64"]
checksum = "sha256:9c39d35252e0dcafb16b26197b9e93ba578e44eb402c3c6660fc94e08f94094f"
url = "https://github.com/stackrox/kube-linter/releases/download/v0.8.3/kube-linter-linux_arm64"
url_api = "https://api.github.com/repos/stackrox/kube-linter/releases/assets/370825094"
provenance = "cosign"

[tools.kube-linter."platforms.linux-arm64-musl"]
checksum = "sha256:9c39d35252e0dcafb16b26197b9e93ba578e44eb402c3c6660fc94e08f94094f"
url = "https://github.com/stackrox/kube-linter/releases/download/v0.8.3/kube-linter-linux_arm64"
url_api = "https://api.github.com/repos/stackrox/kube-linter/releases/assets/370825094"
provenance = "cosign"

[tools.kube-linter."platforms.linux-x64"]
checksum = "sha256:618d299a3e2839c8ca9d86fce0db617be0fba41f0fecbbbfb7fbf1c04299fae1"
url = "https://github.com/stackrox/kube-linter/releases/download/v0.8.3/kube-linter-linux"
url_api = "https://api.github.com/repos/stackrox/kube-linter/releases/assets/370825076"
provenance = "cosign"

[tools.kube-linter."platforms.linux-x64-musl"]
checksum = "sha256:618d299a3e2839c8ca9d86fce0db617be0fba41f0fecbbbfb7fbf1c04299fae1"
url = "https://github.com/stackrox/kube-linter/releases/download/v0.8.3/kube-linter-linux"
url_api = "https://api.github.com/repos/stackrox/kube-linter/releases/assets/370825076"
provenance = "cosign"

[tools.kube-linter."platforms.macos-arm64"]
checksum = "sha256:662277a6a267ba2cb1371b56539a371872ef142b196fa0d87195e4213773cdf8"
url = "https://github.com/stackrox/kube-linter/releases/download/v0.8.3/kube-linter-darwin_arm64"
url_api = "https://api.github.com/repos/stackrox/kube-linter/releases/assets/370825074"
provenance = "cosign"

[tools.kube-linter."platforms.macos-x64"]
checksum = "sha256:d935e2bc89e272c74227cdc4ac4dba35f468e0e486e846e5892231a301c91a67"
url = "https://github.com/stackrox/kube-linter/releases/download/v0.8.3/kube-linter-darwin"
url_api = "https://api.github.com/repos/stackrox/kube-linter/releases/assets/370825072"
provenance = "cosign"

[tools.kube-linter."platforms.windows-x64"]
checksum = "sha256:8b0ccf51f18ab786fdcdede55046afc701a75c75122e046a2f0d3244bc91274a"
url = "https://github.com/stackrox/kube-linter/releases/download/v0.8.3/kube-linter.exe"
url_api = "https://api.github.com/repos/stackrox/kube-linter/releases/assets/370825091"
provenance = "cosign"

[[tools.kubectl]]
version = "1.37.0"
backend = "aqua:kubernetes/kubernetes/kubectl"
specifiers = ["1.37.0"]

[tools.kubectl."platforms.linux-arm64"]
checksum = "sha256:922df28df248cc00a9e025f947704f1d1482de64ece54cfe57e61f19eaf1eef3"
url = "https://dl.k8s.io/v1.37.0/bin/linux/arm64/kubectl"

[tools.kubectl."platforms.linux-arm64-musl"]
checksum = "sha256:922df28df248cc00a9e025f947704f1d1482de64ece54cfe57e61f19eaf1eef3"
url = "https://dl.k8s.io/v1.37.0/bin/linux/arm64/kubectl"

[tools.kubectl."platforms.linux-x64"]
checksum = "sha256:6129359f4e1f3848a5572ccb0b26cf28b8ca08cef38c95a765b2f64a2c961a2f"
url = "https://dl.k8s.io/v1.37.0/bin/linux/amd64/kubectl"

[tools.kubectl."platforms.linux-x64-musl"]
checksum = "sha256:6129359f4e1f3848a5572ccb0b26cf28b8ca08cef38c95a765b2f64a2c961a2f"
url = "https://dl.k8s.io/v1.37.0/bin/linux/amd64/kubectl"

[tools.kubectl."platforms.macos-arm64"]
checksum = "sha256:583beedaebe422e71d3f1a96acef8b1fef86ea2f09a45ad01aa6c9ce287c1380"
url = "https://dl.k8s.io/v1.37.0/bin/darwin/arm64/kubectl"

[tools.kubectl."platforms.macos-x64"]
checksum = "sha256:d5276c0f4fde77fc446070290f345944a7f1fda153df6b960e5fde93b7a9bccd"
url = "https://dl.k8s.io/v1.37.0/bin/darwin/amd64/kubectl"

[tools.kubectl."platforms.windows-x64"]
checksum = "sha256:4721b614a67bb4932a0369e61f4a323d8c6ca00943d3a2ff14837c124da06f0e"
url = "https://dl.k8s.io/v1.37.0/bin/windows/amd64/kubectl.exe"

[[tools.kustomize]]
version = "5.8.1"
backend = "aqua:kubernetes-sigs/kustomize"
specifiers = ["5.8.1"]

[tools.kustomize."platforms.linux-arm64"]
checksum = "sha256:0953ea3e476f66d6ddfcd911d750f5167b9365aa9491b2326398e289fef2c142"
url = "https://github.com/kubernetes-sigs/kustomize/releases/download/kustomize/v5.8.1/kustomize_v5.8.1_linux_arm64.tar.gz"
url_api = "https://api.github.com/repos/kubernetes-sigs/kustomize/releases/assets/353160971"

[tools.kustomize."platforms.linux-arm64-musl"]
checksum = "sha256:0953ea3e476f66d6ddfcd911d750f5167b9365aa9491b2326398e289fef2c142"
url = "https://github.com/kubernetes-sigs/kustomize/releases/download/kustomize/v5.8.1/kustomize_v5.8.1_linux_arm64.tar.gz"
url_api = "https://api.github.com/repos/kubernetes-sigs/kustomize/releases/assets/353160971"

[tools.kustomize."platforms.linux-x64"]
checksum = "sha256:029a7f0f4e1932c52a0476cf02a0fd855c0bb85694b82c338fc648dcb53a819d"
url = "https://github.com/kubernetes-sigs/kustomize/releases/download/kustomize/v5.8.1/kustomize_v5.8.1_linux_amd64.tar.gz"
url_api = "https://api.github.com/repos/kubernetes-sigs/kustomize/releases/assets/353160972"

[tools.kustomize."platforms.linux-x64-musl"]
checksum = "sha256:029a7f0f4e1932c52a0476cf02a0fd855c0bb85694b82c338fc648dcb53a819d"
url = "https://github.com/kubernetes-sigs/kustomize/releases/download/kustomize/v5.8.1/kustomize_v5.8.1_linux_amd64.tar.gz"
url_api = "https://api.github.com/repos/kubernetes-sigs/kustomize/releases/assets/353160972"

[tools.kustomize."platforms.macos-arm64"]
checksum = "sha256:8886f8a78474e608cc81234f729fda188a9767da23e28925802f00ece2bab288"
url = "https://github.com/kubernetes-sigs/kustomize/releases/download/kustomize/v5.8.1/kustomize_v5.8.1_darwin_arm64.tar.gz"
url_api = "https://api.github.com/repos/kubernetes-sigs/kustomize/releases/assets/353160975"

[tools.kustomize."platforms.macos-x64"]
checksum = "sha256:ee7cf0c1e3592aa7bb66ba82b359933a95e7f2e0b36e5f53ed0a4535b017f2f8"
url = "https://github.com/kubernetes-sigs/kustomize/releases/download/kustomize/v5.8.1/kustomize_v5.8.1_darwin_amd64.tar.gz"
url_api = "https://api.github.com/repos/kubernetes-sigs/kustomize/releases/assets/353160974"

[tools.kustomize."platforms.windows-x64"]
checksum = "sha256:8ec7f5e815e526d4622c06df0a7793d8cfb6eb1c74f816b46166097fef8b26c6"
url = "https://github.com/kubernetes-sigs/kustomize/releases/download/kustomize/v5.8.1/kustomize_v5.8.1_windows_amd64.zip"
url_api = "https://api.github.com/repos/kubernetes-sigs/kustomize/releases/assets/353160980"

[[tools.node]]
version = "24.21.0"
backend = "core:node"
specifiers = ["24.21.0"]

[tools.node."platforms.linux-arm64"]
checksum = "sha256:724282c3b43aec998aa9527380465b45d229e021b58035f5f4f63095eabfe5d5"
url = "https://nodejs.org/dist/v24.21.0/node-v24.21.0-linux-arm64.tar.gz"

[tools.node."platforms.linux-arm64-musl"]
checksum = "sha256:3048b0811e158ca0d8672b59c839861763e144492980d8d29b369dfee45747e4"
url = "https://unofficial-builds.nodejs.org/download/release/v24.21.0/node-v24.21.0-linux-arm64-musl.tar.gz"

[tools.node."platforms.linux-x64"]
checksum = "sha256:6e1db87ef58b8819e5d5402eff1536491b18edd8eb7bee5ef7897876e88dc5ff"
url = "https://nodejs.org/dist/v24.21.0/node-v24.21.0-linux-x64.tar.gz"

[tools.node."platforms.linux-x64-musl"]
checksum = "sha256:01a713e34da98e7b4d2a3191ee7ca3f93dd0384d1a2ef23c379b2161ee6e133a"
url = "https://unofficial-builds.nodejs.org/download/release/v24.21.0/node-v24.21.0-linux-x64-musl.tar.gz"

[tools.node."platforms.macos-arm64"]
checksum = "sha256:bed7eea5325e1108f32ce5228ddd6a5f0f08a499ee42aa7442aea583702f6057"
url = "https://nodejs.org/dist/v24.21.0/node-v24.21.0-darwin-arm64.tar.gz"

[tools.node."platforms.macos-x64"]
checksum = "sha256:1462cb3b3046b815cf8ea436d3da450ec1a9f11dac7e5a46b0ada5305d7e8097"
url = "https://nodejs.org/dist/v24.21.0/node-v24.21.0-darwin-x64.tar.gz"

[tools.node."platforms.windows-x64"]
checksum = "sha256:158f7685b44de51f6c0df1d153526cbcd3e1bc739a8dfc607721cef75de9e541"
url = "https://nodejs.org/dist/v24.21.0/node-v24.21.0-win-x64.zip"

[[tools.pnpm]]
version = "12.4.1"
backend = "aqua:pnpm/pnpm"
specifiers = ["12.4.1"]

[tools.pnpm."platforms.linux-arm64"]
checksum = "sha256:14f7a3e67d658d4ca8002c2aa0567f27dc5fe056a9f29f98ba7d2bfd6c81591b"
url = "https://github.com/pnpm/pnpm/releases/download/v12.4.1/pnpm-linux-arm64.tar.gz"
url_api = "https://api.github.com/repos/pnpm/pnpm/releases/assets/555427209"
provenance = "github-attestations"

[tools.pnpm."platforms.linux-arm64-musl"]
checksum = "sha256:26eba6156b6b47d8c589e2ed76af9b3d3a001d9d87dd4769754a1d09f07505bb"
url = "https://github.com/pnpm/pnpm/releases/download/v12.4.1/pnpm-linux-arm64-musl.tar.gz"
url_api = "https://api.github.com/repos/pnpm/pnpm/releases/assets/555427211"
provenance = "github-attestations"

[tools.pnpm."platforms.linux-x64"]
checksum = "sha256:66e9886299085dade56e203ae0e3586f35787f8801a68d33ec07ac17b0de2001"
url = "https://github.com/pnpm/pnpm/releases/download/v12.4.1/pnpm-linux-x64.tar.gz"
url_api = "https://api.github.com/repos/pnpm/pnpm/releases/assets/555427214"
provenance = "github-attestations"

[tools.pnpm."platforms.linux-x64-musl"]
checksum = "sha256:b72cfc2140e2f3380e26555a474f8e091a4431374face630a50b00e4db992ddb"
url = "https://github.com/pnpm/pnpm/releases/download/v12.4.1/pnpm-linux-x64-musl.tar.gz"
url_api = "https://api.github.com/repos/pnpm/pnpm/releases/assets/555427217"
provenance = "github-attestations"

[tools.pnpm."platforms.macos-arm64"]
checksum = "sha256:432fd151c10477630cf5c9f41209c2a7b75ac6dce7b2533a459519daf8954c52"
url = "https://github.com/pnpm/pnpm/releases/download/v12.4.1/pnpm-darwin-arm64.tar.gz"
url_api = "https://api.github.com/repos/pnpm/pnpm/releases/assets/555427216"
provenance = "github-attestations"

[tools.pnpm."platforms.macos-x64"]
checksum = "sha256:98921409db2f510ccc4eb521f9bfec51e3f1e809fd66717a062962f3b2a4cdea"
url = "https://github.com/pnpm/pnpm/releases/download/v12.4.1/pnpm-darwin-x64.tar.gz"
url_api = "https://api.github.com/repos/pnpm/pnpm/releases/assets/555427210"
provenance = "github-attestations"

[tools.pnpm."platforms.windows-x64"]
checksum = "sha256:356092adbd4f69670945ed24c7fca994ba4dd9fbaf23b028bb9708afd7bc676e"
url = "https://github.com/pnpm/pnpm/releases/download/v12.4.1/pnpm-win32-x64.zip"
url_api = "https://api.github.com/repos/pnpm/pnpm/releases/assets/555427213"
provenance = "github-attestations"

[[tools.terraform]]
version = "1.16.1"
backend = "aqua:hashicorp/terraform"
specifiers = ["1.16.1"]

[tools.terraform."platforms.linux-arm64"]
checksum = "sha256:423288a23ab024d42ac05c409972585f7ec0cf1be572b773ad952f9a1c41387d"
url = "https://releases.hashicorp.com/terraform/1.16.1/terraform_1.16.1_linux_arm64.zip"

[tools.terraform."platforms.linux-arm64-musl"]
checksum = "sha256:423288a23ab024d42ac05c409972585f7ec0cf1be572b773ad952f9a1c41387d"
url = "https://releases.hashicorp.com/terraform/1.16.1/terraform_1.16.1_linux_arm64.zip"

[tools.terraform."platforms.linux-x64"]
checksum = "sha256:745d33b4b02b7980c62a38ec1beea24ee084ea8caf3f503c200554bd9a0cbe49"
url = "https://releases.hashicorp.com/terraform/1.16.1/terraform_1.16.1_linux_amd64.zip"

[tools.terraform."platforms.linux-x64-musl"]
checksum = "sha256:745d33b4b02b7980c62a38ec1beea24ee084ea8caf3f503c200554bd9a0cbe49"
url = "https://releases.hashicorp.com/terraform/1.16.1/terraform_1.16.1_linux_amd64.zip"

[tools.terraform."platforms.macos-arm64"]
checksum = "sha256:e22cba761ddbd4d218939b28715ab3af37aaf8a42efa41f7d75b2c3d73636060"
url = "https://releases.hashicorp.com/terraform/1.16.1/terraform_1.16.1_darwin_arm64.zip"

[tools.terraform."platforms.macos-x64"]
checksum = "sha256:3f165e7fabdb8ec44151494418efa1e8095c3f589ed8376a93578a96867a062c"
url = "https://releases.hashicorp.com/terraform/1.16.1/terraform_1.16.1_darwin_amd64.zip"

[tools.terraform."platforms.windows-x64"]
checksum = "sha256:5c6c6d8fedf56ce29c55f0c1fc91de3c259f42c2d220a28e827b5b60fd47bfa1"
url = "https://releases.hashicorp.com/terraform/1.16.1/terraform_1.16.1_windows_amd64.zip"
